Microsoft Visual Studio Solution File, Format Version 12.00
# Visual Studio 14
VisualStudioVersion = 14.0.25123.0
MinimumVisualStudioVersion = 10.0.40219.1
Project("{F184B08F-C81C-45F6-A57F-5ABD9991F28F}") = "MdiTabControlTest", "MdiTabControlTest\MdiTabControlTest.vbproj", "{62ACC036-0902-4213-AA5C-55DFFFB83E0A}"
EndProject
Project("{F184B08F-C81C-45F6-A57F-5ABD9991F28F}") = "MdiTabControl", "MdiTabControl\MdiTabControl.vbproj", "{7F98F809-CE14-43D5-B3DF-40D8F0B7A1AF}"
EndProject
Global
	GlobalSection(SolutionConfigurationPlatforms) = preSolution
		Debug|Any CPU = Debug|Any CPU
		Release|Any CPU = Release|Any CPU
	EndGlobalSection
	GlobalSection(ProjectConfigurationPlatforms) = postSolution
		{62ACC036-0902-4213-AA5C-55DFFFB83E0A}.Debug|Any CPU.ActiveCfg = Debug|Any CPU
		{62ACC036-0902-4213-AA5C-55DFFFB83E0A}.Debug|Any CPU.Build.0 = Debug|Any CPU
		{62ACC036-0902-4213-AA5C-55DFFFB83E0A}.Release|Any CPU.ActiveCfg = Release|Any CPU
		{62ACC036-0902-4213-AA5C-55DFFFB83E0A}.Release|Any CPU.Build.0 = Release|Any CPU
		{7F98F809-CE14-43D5-B3DF-40D8F0B7A1AF}.Debug|Any CPU.ActiveCfg = Debug|Any CPU
		{7F98F809-CE14-43D5-B3DF-40D8F0B7A1AF}.Debug|Any CPU.Build.0 = Debug|Any CPU
		{7F98F809-CE14-43D5-B3DF-40D8F0B7A1AF}.Release|Any CPU.ActiveCfg = Release|Any CPU
		{7F98F809-CE14-43D5-B3DF-40D8F0B7A1AF}.Release|Any CPU.Build.0 = Release|Any CPU
	EndGlobalSection
	GlobalSection(SolutionProperties) = preSolution
		HideSolutionNode = FALSE
	EndGlobalSection
EndGlobal
